
Microsoft Visual Studio Solution File, Format Version 12.00
# Visual Studio Version 17
VisualStudioVersion = 17.0.31903.59
MinimumVisualStudioVersion = 10.0.40219.1
Project("{FAE04EC0-301F-11D3-BF4B-00C04F79EFBC}") = "Searching", "Searching\Searching.csproj", "{683DC7F7-1EF7-4E53-97CA-2AF719D4DFF0}"
EndProject
Project("{FAE04EC0-301F-11D3-BF4B-00C04F79EFBC}") = "Sorting", "Sorting\Sorting.csproj", "{8CB7825C-025A-4C16-AD12-8434932DCF1E}"
EndProject
Global
	GlobalSection(SolutionConfigurationPlatforms) = preSolution
		Debug|Any CPU = Debug|Any CPU
		Release|Any CPU = Release|Any CPU
	EndGlobalSection
	GlobalSection(SolutionProperties) = preSolution
		HideSolutionNode = FALSE
	EndGlobalSection
	GlobalSection(ProjectConfigurationPlatforms) = postSolution
		{683DC7F7-1EF7-4E53-97CA-2AF719D4DFF0}.Debug|Any CPU.ActiveCfg = Debug|Any CPU
		{683DC7F7-1EF7-4E53-97CA-2AF719D4DFF0}.Debug|Any CPU.Build.0 = Debug|Any CPU
		{683DC7F7-1EF7-4E53-97CA-2AF719D4DFF0}.Release|Any CPU.ActiveCfg = Release|Any CPU
		{683DC7F7-1EF7-4E53-97CA-2AF719D4DFF0}.Release|Any CPU.Build.0 = Release|Any CPU
		{8CB7825C-025A-4C16-AD12-8434932DCF1E}.Debug|Any CPU.ActiveCfg = Debug|Any CPU
		{8CB7825C-025A-4C16-AD12-8434932DCF1E}.Debug|Any CPU.Build.0 = Debug|Any CPU
		{8CB7825C-025A-4C16-AD12-8434932DCF1E}.Release|Any CPU.ActiveCfg = Release|Any CPU
		{8CB7825C-025A-4C16-AD12-8434932DCF1E}.Release|Any CPU.Build.0 = Release|Any CPU
	EndGlobalSection
EndGlobal
