
Microsoft Visual Studio Solution File, Format Version 12.00
# Visual Studio Version 17
VisualStudioVersion = 17.0.31903.59
MinimumVisualStudioVersion = 10.0.40219.1
Project("{FAE04EC0-301F-11D3-BF4B-00C04F79EFBC}") = "MyProject", "MyProject\MyProject.csproj", "{ED77693C-C5B6-4D81-BC45-FF017A51BEA5}"
EndProject
Project("{FAE04EC0-301F-11D3-BF4B-00C04F79EFBC}") = "Commenting", "Commenting\Commenting.csproj", "{61002CC0-DDE1-4A45-9344-7544B57EED24}"
EndProject
Global
	GlobalSection(SolutionConfigurationPlatforms) = preSolution
		Debug|Any CPU = Debug|Any CPU
		Release|Any CPU = Release|Any CPU
	EndGlobalSection
	GlobalSection(SolutionProperties) = preSolution
		HideSolutionNode = FALSE
	EndGlobalSection
	GlobalSection(ProjectConfigurationPlatforms) = postSolution
		{ED77693C-C5B6-4D81-BC45-FF017A51BEA5}.Debug|Any CPU.ActiveCfg = Debug|Any CPU
		{ED77693C-C5B6-4D81-BC45-FF017A51BEA5}.Debug|Any CPU.Build.0 = Debug|Any CPU
		{ED77693C-C5B6-4D81-BC45-FF017A51BEA5}.Release|Any CPU.ActiveCfg = Release|Any CPU
		{ED77693C-C5B6-4D81-BC45-FF017A51BEA5}.Release|Any CPU.Build.0 = Release|Any CPU
		{61002CC0-DDE1-4A45-9344-7544B57EED24}.Debug|Any CPU.ActiveCfg = Debug|Any CPU
		{61002CC0-DDE1-4A45-9344-7544B57EED24}.Debug|Any CPU.Build.0 = Debug|Any CPU
		{61002CC0-DDE1-4A45-9344-7544B57EED24}.Release|Any CPU.ActiveCfg = Release|Any CPU
		{61002CC0-DDE1-4A45-9344-7544B57EED24}.Release|Any CPU.Build.0 = Release|Any CPU
	EndGlobalSection
EndGlobal
